
Microsoft Visual Studio Solution File, Format Version 12.00
# Visual Studio Version 17
VisualStudioVersion = 17.5.33516.290
MinimumVisualStudioVersion = 10.0.40219.1
Project("{8BC9CEB8-8B4A-11D0-8D11-00A0C91BC942}") = "PG 評価課題", "PG 評価課題.vcxproj", "{A3718F14-4ED7-4BBD-84CA-9333448CA55A}"
EndProject
Global
	GlobalSection(SolutionConfigurationPlatforms) = preSolution
		Debug|x64 = Debug|x64
		Release|x64 = Release|x64
	EndGlobalSection
	GlobalSection(ProjectConfigurationPlatforms) = postSolution
		{A3718F14-4ED7-4BBD-84CA-9333448CA55A}.Debug|x64.ActiveCfg = Debug|x64
		{A3718F14-4ED7-4BBD-84CA-9333448CA55A}.Debug|x64.Build.0 = Debug|x64
		{A3718F14-4ED7-4BBD-84CA-9333448CA55A}.Release|x64.ActiveCfg = Release|x64
		{A3718F14-4ED7-4BBD-84CA-9333448CA55A}.Release|x64.Build.0 = Release|x64
	EndGlobalSection
	GlobalSection(SolutionProperties) = preSolution
		HideSolutionNode = FALSE
	EndGlobalSection
	GlobalSection(ExtensibilityGlobals) = postSolution
		SolutionGuid = {48ADCF2D-402E-4538-B1F7-3C468B7EEED1}
	EndGlobalSection
EndGlobal
